
Microsoft Visual Studio Solution File, Format Version 12.00
# Visual Studio Version 17
VisualStudioVersion = 17.14.37027.9
MinimumVisualStudioVersion = 10.0.40219.1
Project("{FAE04EC0-301F-11D3-BF4B-00C04F79EFBC}") = "PowerStore.API", "PowerStore.API\PowerStore.API.csproj", "{71310F32-C2A5-45B4-8607-54A05670DF53}"
EndProject
Project("{FAE04EC0-301F-11D3-BF4B-00C04F79EFBC}") = "PowerStore.Application", "PowerStore.Application\PowerStore.Application.csproj", "{DFDE7320-02F5-47AA-9D6F-0880F9AD51BE}"
EndProject
Project("{FAE04EC0-301F-11D3-BF4B-00C04F79EFBC}") = "PowerStore.Infrastructure", "PowerStore.Infrastructure\PowerStore.Infrastructure.csproj", "{8E2F63C6-9401-4051-B5F6-C9191607F606}"
EndProject
Project("{FAE04EC0-301F-11D3-BF4B-00C04F79EFBC}") = "PowerStore.Domain", "PowerStore.Domain\PowerStore.Domain.csproj", "{C4EA5E02-5641-4FBB-AA8A-1D9F95D7B888}"
EndProject
Global
	GlobalSection(SolutionConfigurationPlatforms) = preSolution
		Debug|Any CPU = Debug|Any CPU
		Release|Any CPU = Release|Any CPU
	EndGlobalSection
	GlobalSection(ProjectConfigurationPlatforms) = postSolution
		{71310F32-C2A5-45B4-8607-54A05670DF53}.Debug|Any CPU.ActiveCfg = Debug|Any CPU
		{71310F32-C2A5-45B4-8607-54A05670DF53}.Debug|Any CPU.Build.0 = Debug|Any CPU
		{71310F32-C2A5-45B4-8607-54A05670DF53}.Release|Any CPU.ActiveCfg = Release|Any CPU
		{71310F32-C2A5-45B4-8607-54A05670DF53}.Release|Any CPU.Build.0 = Release|Any CPU
		{DFDE7320-02F5-47AA-9D6F-0880F9AD51BE}.Debug|Any CPU.ActiveCfg = Debug|Any CPU
		{DFDE7320-02F5-47AA-9D6F-0880F9AD51BE}.Debug|Any CPU.Build.0 = Debug|Any CPU
		{DFDE7320-02F5-47AA-9D6F-0880F9AD51BE}.Release|Any CPU.ActiveCfg = Release|Any CPU
		{DFDE7320-02F5-47AA-9D6F-0880F9AD51BE}.Release|Any CPU.Build.0 = Release|Any CPU
		{8E2F63C6-9401-4051-B5F6-C9191607F606}.Debug|Any CPU.ActiveCfg = Debug|Any CPU
		{8E2F63C6-9401-4051-B5F6-C9191607F606}.Debug|Any CPU.Build.0 = Debug|Any CPU
		{8E2F63C6-9401-4051-B5F6-C9191607F606}.Release|Any CPU.ActiveCfg = Release|Any CPU
		{8E2F63C6-9401-4051-B5F6-C9191607F606}.Release|Any CPU.Build.0 = Release|Any CPU
		{C4EA5E02-5641-4FBB-AA8A-1D9F95D7B888}.Debug|Any CPU.ActiveCfg = Debug|Any CPU
		{C4EA5E02-5641-4FBB-AA8A-1D9F95D7B888}.Debug|Any CPU.Build.0 = Debug|Any CPU
		{C4EA5E02-5641-4FBB-AA8A-1D9F95D7B888}.Release|Any CPU.ActiveCfg = Release|Any CPU
		{C4EA5E02-5641-4FBB-AA8A-1D9F95D7B888}.Release|Any CPU.Build.0 = Release|Any CPU
	EndGlobalSection
	GlobalSection(SolutionProperties) = preSolution
		HideSolutionNode = FALSE
	EndGlobalSection
	GlobalSection(ExtensibilityGlobals) = postSolution
		SolutionGuid = {921BD169-5C33-4AFE-8FCF-A35F93897A65}
	EndGlobalSection
EndGlobal
